
Microsoft Visual Studio Solution File, Format Version 12.00
# Visual Studio Version 17
VisualStudioVersion = 17.14.36705.20 d17.14
MinimumVisualStudioVersion = 10.0.40219.1
Project("{FAE04EC0-301F-11D3-BF4B-00C04F79EFBC}") = "Legalx24", "Legalx24.csproj", "{BA659A34-84C0-4673-895F-0ACCC20D2460}"
EndProject
Global
	GlobalSection(SolutionConfigurationPlatforms) = preSolution
		Debug|Any CPU = Debug|Any CPU
		Release|Any CPU = Release|Any CPU
	EndGlobalSection
	GlobalSection(ProjectConfigurationPlatforms) = postSolution
		{BA659A34-84C0-4673-895F-0ACCC20D2460}.Debug|Any CPU.ActiveCfg = Debug|Any CPU
		{BA659A34-84C0-4673-895F-0ACCC20D2460}.Debug|Any CPU.Build.0 = Debug|Any CPU
		{BA659A34-84C0-4673-895F-0ACCC20D2460}.Release|Any CPU.ActiveCfg = Release|Any CPU
		{BA659A34-84C0-4673-895F-0ACCC20D2460}.Release|Any CPU.Build.0 = Release|Any CPU
	EndGlobalSection
	GlobalSection(SolutionProperties) = preSolution
		HideSolutionNode = FALSE
	EndGlobalSection
	GlobalSection(ExtensibilityGlobals) = postSolution
		SolutionGuid = {FF3942E0-FC15-4676-A393-E4E602DB39C7}
	EndGlobalSection
EndGlobal
